
Microsoft Visual Studio Solution File, Format Version 12.00
# Visual Studio 15
VisualStudioVersion = 15.0.27428.2037
MinimumVisualStudioVersion = 10.0.40219.1
Project("{FAE04EC0-301F-11D3-BF4B-00C04F79EFBC}") = "8-blitz", "8-blitz\8-blitz.csproj", "{C29483B1-878D-43E3-98CA-3504811E12B7}"
EndProject
Global
	GlobalSection(SolutionConfigurationPlatforms) = preSolution
		Debug|Any CPU = Debug|Any CPU
		Release|Any CPU = Release|Any CPU
	EndGlobalSection
	GlobalSection(ProjectConfigurationPlatforms) = postSolution
		{C29483B1-878D-43E3-98CA-3504811E12B7}.Debug|Any CPU.ActiveCfg = Debug|Any CPU
		{C29483B1-878D-43E3-98CA-3504811E12B7}.Debug|Any CPU.Build.0 = Debug|Any CPU
		{C29483B1-878D-43E3-98CA-3504811E12B7}.Release|Any CPU.ActiveCfg = Release|Any CPU
		{C29483B1-878D-43E3-98CA-3504811E12B7}.Release|Any CPU.Build.0 = Release|Any CPU
	EndGlobalSection
	GlobalSection(SolutionProperties) = preSolution
		HideSolutionNode = FALSE
	EndGlobalSection
	GlobalSection(ExtensibilityGlobals) = postSolution
		SolutionGuid = {05F3EE42-917F-4592-9764-0324A384DB81}
	EndGlobalSection
EndGlobal
